
Microsoft Visual Studio Solution File, Format Version 12.00
# Visual Studio 15
VisualStudioVersion = 15.0.27130.2027
MinimumVisualStudioVersion = 10.0.40219.1
Project("{FAE04EC0-301F-11D3-BF4B-00C04F79EFBC}") = "1.Fibonacci", "1.Fibonacci\1.Fibonacci.csproj", "{AB9627D6-F154-45B7-BE74-25C63547CFE3}"
EndProject
Project("{FAE04EC0-301F-11D3-BF4B-00C04F79EFBC}") = "2.FibonacciDwnamicOptimizationWithArray", "2.FibonacciDwnamicOptimizationWithArray\2.FibonacciDwnamicOptimizationWithArray.csproj", "{F9036BF8-EEDF-47B8-BB55-7497A2701141}"
EndProject
Project("{FAE04EC0-301F-11D3-BF4B-00C04F79EFBC}") = "3.LongestIncreasingSubsquence", "3.LongestIncreasingSubsquence\3.LongestIncreasingSubsquence.csproj", "{7424ED55-A881-4F40-B159-AE70B160AEDA}"
EndProject
Project("{FAE04EC0-301F-11D3-BF4B-00C04F79EFBC}") = "4.MoveDownRightSum", "MoveDownRightSum\4.MoveDownRightSum.csproj", "{A0ACE297-3ADE-4EEA-A4B0-41661B56DC51}"
EndProject
Project("{FAE04EC0-301F-11D3-BF4B-00C04F79EFBC}") = "5.RodCutting", "5.RodCutting\5.RodCutting.csproj", "{E102AD35-DC96-4383-B537-6D56F21F9755}"
EndProject
Global
	GlobalSection(SolutionConfigurationPlatforms) = preSolution
		Debug|Any CPU = Debug|Any CPU
		Release|Any CPU = Release|Any CPU
	EndGlobalSection
	GlobalSection(ProjectConfigurationPlatforms) = postSolution
		{AB9627D6-F154-45B7-BE74-25C63547CFE3}.Debug|Any CPU.ActiveCfg = Debug|Any CPU
		{AB9627D6-F154-45B7-BE74-25C63547CFE3}.Debug|Any CPU.Build.0 = Debug|Any CPU
		{AB9627D6-F154-45B7-BE74-25C63547CFE3}.Release|Any CPU.ActiveCfg = Release|Any CPU
		{AB9627D6-F154-45B7-BE74-25C63547CFE3}.Release|Any CPU.Build.0 = Release|Any CPU
		{F9036BF8-EEDF-47B8-BB55-7497A2701141}.Debug|Any CPU.ActiveCfg = Debug|Any CPU
		{F9036BF8-EEDF-47B8-BB55-7497A2701141}.Debug|Any CPU.Build.0 = Debug|Any CPU
		{F9036BF8-EEDF-47B8-BB55-7497A2701141}.Release|Any CPU.ActiveCfg = Release|Any CPU
		{F9036BF8-EEDF-47B8-BB55-7497A2701141}.Release|Any CPU.Build.0 = Release|Any CPU
		{7424ED55-A881-4F40-B159-AE70B160AEDA}.Debug|Any CPU.ActiveCfg = Debug|Any CPU
		{7424ED55-A881-4F40-B159-AE70B160AEDA}.Debug|Any CPU.Build.0 = Debug|Any CPU
		{7424ED55-A881-4F40-B159-AE70B160AEDA}.Release|Any CPU.ActiveCfg = Release|Any CPU
		{7424ED55-A881-4F40-B159-AE70B160AEDA}.Release|Any CPU.Build.0 = Release|Any CPU
		{A0ACE297-3ADE-4EEA-A4B0-41661B56DC51}.Debug|Any CPU.ActiveCfg = Debug|Any CPU
		{A0ACE297-3ADE-4EEA-A4B0-41661B56DC51}.Debug|Any CPU.Build.0 = Debug|Any CPU
		{A0ACE297-3ADE-4EEA-A4B0-41661B56DC51}.Release|Any CPU.ActiveCfg = Release|Any CPU
		{A0ACE297-3ADE-4EEA-A4B0-41661B56DC51}.Release|Any CPU.Build.0 = Release|Any CPU
		{E102AD35-DC96-4383-B537-6D56F21F9755}.Debug|Any CPU.ActiveCfg = Debug|Any CPU
		{E102AD35-DC96-4383-B537-6D56F21F9755}.Debug|Any CPU.Build.0 = Debug|Any CPU
		{E102AD35-DC96-4383-B537-6D56F21F9755}.Release|Any CPU.ActiveCfg = Release|Any CPU
		{E102AD35-DC96-4383-B537-6D56F21F9755}.Release|Any CPU.Build.0 = Release|Any CPU
	EndGlobalSection
	GlobalSection(SolutionProperties) = preSolution
		HideSolutionNode = FALSE
	EndGlobalSection
	GlobalSection(ExtensibilityGlobals) = postSolution
		SolutionGuid = {296DBEF5-3CA2-4B1B-B59D-43AC6D27B35A}
	EndGlobalSection
EndGlobal
