
Microsoft Visual Studio Solution File, Format Version 12.00
# Visual Studio 15
VisualStudioVersion = 15.0.27130.2027
MinimumVisualStudioVersion = 10.0.40219.1
Project("{FAE04EC0-301F-11D3-BF4B-00C04F79EFBC}") = "1.Medenka", "1.Medenka\1.Medenka.csproj", "{96E5FA4A-69D2-4C2C-98B5-BAF920B72AA6}"
EndProject
Project("{FAE04EC0-301F-11D3-BF4B-00C04F79EFBC}") = "2.CableMerchant", "2.CableMerchant\2.CableMerchant.csproj", "{C3E44002-3F74-43DF-81B8-E3A538FACF5E}"
EndProject
Project("{FAE04EC0-301F-11D3-BF4B-00C04F79EFBC}") = "3.Sticks", "3.Sticks\3.Sticks.csproj", "{17C09057-ABF8-432D-8135-AE3B5281946E}"
EndProject
Project("{FAE04EC0-301F-11D3-BF4B-00C04F79EFBC}") = "4.Robbery", "4.Robbery\4.Robbery.csproj", "{5163804B-5E4D-40F3-8F80-FC767DC78921}"
EndProject
Global
	GlobalSection(SolutionConfigurationPlatforms) = preSolution
		Debug|Any CPU = Debug|Any CPU
		Release|Any CPU = Release|Any CPU
	EndGlobalSection
	GlobalSection(ProjectConfigurationPlatforms) = postSolution
		{96E5FA4A-69D2-4C2C-98B5-BAF920B72AA6}.Debug|Any CPU.ActiveCfg = Debug|Any CPU
		{96E5FA4A-69D2-4C2C-98B5-BAF920B72AA6}.Debug|Any CPU.Build.0 = Debug|Any CPU
		{96E5FA4A-69D2-4C2C-98B5-BAF920B72AA6}.Release|Any CPU.ActiveCfg = Release|Any CPU
		{96E5FA4A-69D2-4C2C-98B5-BAF920B72AA6}.Release|Any CPU.Build.0 = Release|Any CPU
		{C3E44002-3F74-43DF-81B8-E3A538FACF5E}.Debug|Any CPU.ActiveCfg = Debug|Any CPU
		{C3E44002-3F74-43DF-81B8-E3A538FACF5E}.Debug|Any CPU.Build.0 = Debug|Any CPU
		{C3E44002-3F74-43DF-81B8-E3A538FACF5E}.Release|Any CPU.ActiveCfg = Release|Any CPU
		{C3E44002-3F74-43DF-81B8-E3A538FACF5E}.Release|Any CPU.Build.0 = Release|Any CPU
		{17C09057-ABF8-432D-8135-AE3B5281946E}.Debug|Any CPU.ActiveCfg = Debug|Any CPU
		{17C09057-ABF8-432D-8135-AE3B5281946E}.Debug|Any CPU.Build.0 = Debug|Any CPU
		{17C09057-ABF8-432D-8135-AE3B5281946E}.Release|Any CPU.ActiveCfg = Release|Any CPU
		{17C09057-ABF8-432D-8135-AE3B5281946E}.Release|Any CPU.Build.0 = Release|Any CPU
		{5163804B-5E4D-40F3-8F80-FC767DC78921}.Debug|Any CPU.ActiveCfg = Debug|Any CPU
		{5163804B-5E4D-40F3-8F80-FC767DC78921}.Debug|Any CPU.Build.0 = Debug|Any CPU
		{5163804B-5E4D-40F3-8F80-FC767DC78921}.Release|Any CPU.ActiveCfg = Release|Any CPU
		{5163804B-5E4D-40F3-8F80-FC767DC78921}.Release|Any CPU.Build.0 = Release|Any CPU
	EndGlobalSection
	GlobalSection(SolutionProperties) = preSolution
		HideSolutionNode = FALSE
	EndGlobalSection
	GlobalSection(ExtensibilityGlobals) = postSolution
		SolutionGuid = {6FC55908-C8F8-45CB-809F-45E9AF35CE5D}
	EndGlobalSection
EndGlobal
